
Microsoft Visual Studio Solution File, Format Version 12.00
# Visual Studio Version 16
VisualStudioVersion = 16.0.31829.152
MinimumVisualStudioVersion = 10.0.40219.1
Project("{FAE04EC0-301F-11D3-BF4B-00C04F79EFBC}") = "WinFormsAval3", "WinFormsAval3\WinFormsAval3.csproj", "{CC12BF08-63E8-4FDE-B262-12249CA08322}"
EndProject
Global
	GlobalSection(SolutionConfigurationPlatforms) = preSolution
		Debug|Any CPU = Debug|Any CPU
		Release|Any CPU = Release|Any CPU
	EndGlobalSection
	GlobalSection(ProjectConfigurationPlatforms) = postSolution
		{CC12BF08-63E8-4FDE-B262-12249CA08322}.Debug|Any CPU.ActiveCfg = Debug|Any CPU
		{CC12BF08-63E8-4FDE-B262-12249CA08322}.Debug|Any CPU.Build.0 = Debug|Any CPU
		{CC12BF08-63E8-4FDE-B262-12249CA08322}.Release|Any CPU.ActiveCfg = Release|Any CPU
		{CC12BF08-63E8-4FDE-B262-12249CA08322}.Release|Any CPU.Build.0 = Release|Any CPU
	EndGlobalSection
	GlobalSection(SolutionProperties) = preSolution
		HideSolutionNode = FALSE
	EndGlobalSection
	GlobalSection(ExtensibilityGlobals) = postSolution
		SolutionGuid = {9F444762-34DF-499B-9D2D-31157776110D}
	EndGlobalSection
EndGlobal
