
Microsoft Visual Studio Solution File, Format Version 12.00
# Visual Studio Version 16
VisualStudioVersion = 16.0.31829.152
MinimumVisualStudioVersion = 10.0.40219.1
Project("{FAE04EC0-301F-11D3-BF4B-00C04F79EFBC}") = "SisFin", "SisFin\SisFin.csproj", "{39F94CFD-2D90-460B-88B4-7E801A7BC62F}"
EndProject
Global
	GlobalSection(SolutionConfigurationPlatforms) = preSolution
		Debug|Any CPU = Debug|Any CPU
		Release|Any CPU = Release|Any CPU
	EndGlobalSection
	GlobalSection(ProjectConfigurationPlatforms) = postSolution
		{39F94CFD-2D90-460B-88B4-7E801A7BC62F}.Debug|Any CPU.ActiveCfg = Debug|Any CPU
		{39F94CFD-2D90-460B-88B4-7E801A7BC62F}.Debug|Any CPU.Build.0 = Debug|Any CPU
		{39F94CFD-2D90-460B-88B4-7E801A7BC62F}.Release|Any CPU.ActiveCfg = Release|Any CPU
		{39F94CFD-2D90-460B-88B4-7E801A7BC62F}.Release|Any CPU.Build.0 = Release|Any CPU
	EndGlobalSection
	GlobalSection(SolutionProperties) = preSolution
		HideSolutionNode = FALSE
	EndGlobalSection
	GlobalSection(ExtensibilityGlobals) = postSolution
		SolutionGuid = {7C66CABA-EA78-44A2-B1C9-C32F2AF7FEC4}
	EndGlobalSection
EndGlobal
